
Microsoft Visual Studio Solution File, Format Version 12.00
# Visual Studio Version 17
VisualStudioVersion = 17.4.33213.308
MinimumVisualStudioVersion = 10.0.40219.1
Project("{9A19103F-16F7-4668-BE54-9A1E7A4F7556}") = "TodoApi", "TodoApi.csproj", "{F1AA4A46-C5A7-451E-9873-27A3DEFC7E0A}"
EndProject
Project("{FAE04EC0-301F-11D3-BF4B-00C04F79EFBC}") = "TodoApiTests", "..\TodoApiTests\TodoApiTests.csproj", "{3792088E-143E-4139-ABB0-0B3CB1617C3A}"
EndProject
Project("{FAE04EC0-301F-11D3-BF4B-00C04F79EFBC}") = "TodoApiTests1", "..\TodoApiTests1\TodoApiTests1.csproj", "{17A7248F-2C96-41AF-B09B-24C4EDE5DF5F}"
EndProject
Global
	GlobalSection(SolutionConfigurationPlatforms) = preSolution
		Debug|Any CPU = Debug|Any CPU
		Release|Any CPU = Release|Any CPU
	EndGlobalSection
	GlobalSection(ProjectConfigurationPlatforms) = postSolution
		{F1AA4A46-C5A7-451E-9873-27A3DEFC7E0A}.Debug|Any CPU.ActiveCfg = Debug|Any CPU
		{F1AA4A46-C5A7-451E-9873-27A3DEFC7E0A}.Debug|Any CPU.Build.0 = Debug|Any CPU
		{F1AA4A46-C5A7-451E-9873-27A3DEFC7E0A}.Release|Any CPU.ActiveCfg = Release|Any CPU
		{F1AA4A46-C5A7-451E-9873-27A3DEFC7E0A}.Release|Any CPU.Build.0 = Release|Any CPU
		{3792088E-143E-4139-ABB0-0B3CB1617C3A}.Debug|Any CPU.ActiveCfg = Debug|Any CPU
		{3792088E-143E-4139-ABB0-0B3CB1617C3A}.Debug|Any CPU.Build.0 = Debug|Any CPU
		{3792088E-143E-4139-ABB0-0B3CB1617C3A}.Release|Any CPU.ActiveCfg = Release|Any CPU
		{3792088E-143E-4139-ABB0-0B3CB1617C3A}.Release|Any CPU.Build.0 = Release|Any CPU
		{17A7248F-2C96-41AF-B09B-24C4EDE5DF5F}.Debug|Any CPU.ActiveCfg = Debug|Any CPU
		{17A7248F-2C96-41AF-B09B-24C4EDE5DF5F}.Debug|Any CPU.Build.0 = Debug|Any CPU
		{17A7248F-2C96-41AF-B09B-24C4EDE5DF5F}.Release|Any CPU.ActiveCfg = Release|Any CPU
		{17A7248F-2C96-41AF-B09B-24C4EDE5DF5F}.Release|Any CPU.Build.0 = Release|Any CPU
	EndGlobalSection
	GlobalSection(SolutionProperties) = preSolution
		HideSolutionNode = FALSE
	EndGlobalSection
	GlobalSection(ExtensibilityGlobals) = postSolution
		SolutionGuid = {F1975A2A-591B-403B-9D12-AB262E770F22}
	EndGlobalSection
EndGlobal
